
Microsoft Visual Studio Solution File, Format Version 12.00
Project("{FAE04EC0-301F-11D3-BF4B-00C04F79EFBC}") = "Day1", "Day1\Day1.csproj", "{86465A6E-403B-4E5C-AA92-2CC8028796CA}"
EndProject
Project("{FAE04EC0-301F-11D3-BF4B-00C04F79EFBC}") = "Day1.Test", "Day1.Test\Day1.Test.csproj", "{EEC9CB79-BF17-45C4-B0E9-515A6695F61E}"
EndProject
Project("{FAE04EC0-301F-11D3-BF4B-00C04F79EFBC}") = "Day2", "Day2\Day2.csproj", "{BD2CDE2A-385B-476E-A82C-1CA1FC23D4A3}"
EndProject
Project("{FAE04EC0-301F-11D3-BF4B-00C04F79EFBC}") = "Day2.Test", "Day2.Test\Day2.Test.csproj", "{32ED307E-01E4-419C-9ED5-A36A7A6DC907}"
EndProject
Global
	GlobalSection(SolutionConfigurationPlatforms) = preSolution
		Debug|Any CPU = Debug|Any CPU
		Release|Any CPU = Release|Any CPU
	EndGlobalSection
	GlobalSection(ProjectConfigurationPlatforms) = postSolution
		{86465A6E-403B-4E5C-AA92-2CC8028796CA}.Debug|Any CPU.ActiveCfg = Debug|Any CPU
		{86465A6E-403B-4E5C-AA92-2CC8028796CA}.Debug|Any CPU.Build.0 = Debug|Any CPU
		{86465A6E-403B-4E5C-AA92-2CC8028796CA}.Release|Any CPU.ActiveCfg = Release|Any CPU
		{86465A6E-403B-4E5C-AA92-2CC8028796CA}.Release|Any CPU.Build.0 = Release|Any CPU
		{EEC9CB79-BF17-45C4-B0E9-515A6695F61E}.Debug|Any CPU.ActiveCfg = Debug|Any CPU
		{EEC9CB79-BF17-45C4-B0E9-515A6695F61E}.Debug|Any CPU.Build.0 = Debug|Any CPU
		{EEC9CB79-BF17-45C4-B0E9-515A6695F61E}.Release|Any CPU.ActiveCfg = Release|Any CPU
		{EEC9CB79-BF17-45C4-B0E9-515A6695F61E}.Release|Any CPU.Build.0 = Release|Any CPU
		{BD2CDE2A-385B-476E-A82C-1CA1FC23D4A3}.Debug|Any CPU.ActiveCfg = Debug|Any CPU
		{BD2CDE2A-385B-476E-A82C-1CA1FC23D4A3}.Debug|Any CPU.Build.0 = Debug|Any CPU
		{BD2CDE2A-385B-476E-A82C-1CA1FC23D4A3}.Release|Any CPU.ActiveCfg = Release|Any CPU
		{BD2CDE2A-385B-476E-A82C-1CA1FC23D4A3}.Release|Any CPU.Build.0 = Release|Any CPU
		{32ED307E-01E4-419C-9ED5-A36A7A6DC907}.Debug|Any CPU.ActiveCfg = Debug|Any CPU
		{32ED307E-01E4-419C-9ED5-A36A7A6DC907}.Debug|Any CPU.Build.0 = Debug|Any CPU
		{32ED307E-01E4-419C-9ED5-A36A7A6DC907}.Release|Any CPU.ActiveCfg = Release|Any CPU
		{32ED307E-01E4-419C-9ED5-A36A7A6DC907}.Release|Any CPU.Build.0 = Release|Any CPU
	EndGlobalSection
EndGlobal
