
Microsoft Visual Studio Solution File, Format Version 12.00
Project("{FAE04EC0-301F-11D3-BF4B-00C04F79EFBC}") = "Day1", "Day1\Day1.csproj", "{86465A6E-403B-4E5C-AA92-2CC8028796CA}"
EndProject
Project("{FAE04EC0-301F-11D3-BF4B-00C04F79EFBC}") = "Day1.Test", "Day1.Test\Day1.Test.csproj", "{EEC9CB79-BF17-45C4-B0E9-515A6695F61E}"
EndProject
Project("{FAE04EC0-301F-11D3-BF4B-00C04F79EFBC}") = "Day2", "Day2\Day2.csproj", "{BD2CDE2A-385B-476E-A82C-1CA1FC23D4A3}"
EndProject
Project("{FAE04EC0-301F-11D3-BF4B-00C04F79EFBC}") = "Day2.Test", "Day2.Test\Day2.Test.csproj", "{32ED307E-01E4-419C-9ED5-A36A7A6DC907}"
EndProject
Project("{FAE04EC0-301F-11D3-BF4B-00C04F79EFBC}") = "Day3", "Day3\Day3.csproj", "{1481A9EB-9078-43AF-970C-4832A0CA137E}"
EndProject
Project("{FAE04EC0-301F-11D3-BF4B-00C04F79EFBC}") = "Day3.Test", "Day3.Test\Day3.Test.csproj", "{31561517-5A9F-4191-9D9A-C523C507501D}"
EndProject
Project("{FAE04EC0-301F-11D3-BF4B-00C04F79EFBC}") = "Day4", "Day4\Day4.csproj", "{A33F5D55-6EBE-488F-95A2-651023A9F45A}"
EndProject
Project("{FAE04EC0-301F-11D3-BF4B-00C04F79EFBC}") = "Day5", "Day5\Day5.csproj", "{1D1E182D-27FF-4D25-BE49-583378765B60}"
EndProject
Project("{FAE04EC0-301F-11D3-BF4B-00C04F79EFBC}") = "Day6", "Day6\Day6.csproj", "{8926E6F1-10FD-4AC0-9657-C9FB5AE759F0}"
EndProject
Project("{FAE04EC0-301F-11D3-BF4B-00C04F79EFBC}") = "Day7", "Day7\Day7.csproj", "{B35BE130-DC34-4491-AEDC-A3DAE6CFA2B2}"
EndProject
Project("{FAE04EC0-301F-11D3-BF4B-00C04F79EFBC}") = "Day8", "Day8\Day8.csproj", "{E515C40E-4877-4C22-98CB-3610E73EECBB}"
EndProject
Project("{FAE04EC0-301F-11D3-BF4B-00C04F79EFBC}") = "Day9", "Day9\Day9.csproj", "{5B110CD4-CAAF-4747-9188-EAAFE3DCA977}"
EndProject
Project("{FAE04EC0-301F-11D3-BF4B-00C04F79EFBC}") = "Day10", "Day10\Day10.csproj", "{89FBA18B-A15A-4296-8138-2E081E0A601A}"
EndProject
Project("{FAE04EC0-301F-11D3-BF4B-00C04F79EFBC}") = "Day11", "Day11\Day11.csproj", "{125F4A19-7790-4673-B0B4-82E107295FE4}"
EndProject
Project("{FAE04EC0-301F-11D3-BF4B-00C04F79EFBC}") = "Day12", "Day12\Day12.csproj", "{C3AEFB42-331D-470E-928F-68D9D253478C}"
EndProject
Global
	GlobalSection(SolutionConfigurationPlatforms) = preSolution
		Debug|Any CPU = Debug|Any CPU
		Release|Any CPU = Release|Any CPU
	EndGlobalSection
	GlobalSection(ProjectConfigurationPlatforms) = postSolution
		{86465A6E-403B-4E5C-AA92-2CC8028796CA}.Debug|Any CPU.ActiveCfg = Debug|Any CPU
		{86465A6E-403B-4E5C-AA92-2CC8028796CA}.Debug|Any CPU.Build.0 = Debug|Any CPU
		{86465A6E-403B-4E5C-AA92-2CC8028796CA}.Release|Any CPU.ActiveCfg = Release|Any CPU
		{86465A6E-403B-4E5C-AA92-2CC8028796CA}.Release|Any CPU.Build.0 = Release|Any CPU
		{EEC9CB79-BF17-45C4-B0E9-515A6695F61E}.Debug|Any CPU.ActiveCfg = Debug|Any CPU
		{EEC9CB79-BF17-45C4-B0E9-515A6695F61E}.Debug|Any CPU.Build.0 = Debug|Any CPU
		{EEC9CB79-BF17-45C4-B0E9-515A6695F61E}.Release|Any CPU.ActiveCfg = Release|Any CPU
		{EEC9CB79-BF17-45C4-B0E9-515A6695F61E}.Release|Any CPU.Build.0 = Release|Any CPU
		{BD2CDE2A-385B-476E-A82C-1CA1FC23D4A3}.Debug|Any CPU.ActiveCfg = Debug|Any CPU
		{BD2CDE2A-385B-476E-A82C-1CA1FC23D4A3}.Debug|Any CPU.Build.0 = Debug|Any CPU
		{BD2CDE2A-385B-476E-A82C-1CA1FC23D4A3}.Release|Any CPU.ActiveCfg = Release|Any CPU
		{BD2CDE2A-385B-476E-A82C-1CA1FC23D4A3}.Release|Any CPU.Build.0 = Release|Any CPU
		{32ED307E-01E4-419C-9ED5-A36A7A6DC907}.Debug|Any CPU.ActiveCfg = Debug|Any CPU
		{32ED307E-01E4-419C-9ED5-A36A7A6DC907}.Debug|Any CPU.Build.0 = Debug|Any CPU
		{32ED307E-01E4-419C-9ED5-A36A7A6DC907}.Release|Any CPU.ActiveCfg = Release|Any CPU
		{32ED307E-01E4-419C-9ED5-A36A7A6DC907}.Release|Any CPU.Build.0 = Release|Any CPU
		{1481A9EB-9078-43AF-970C-4832A0CA137E}.Debug|Any CPU.ActiveCfg = Debug|Any CPU
		{1481A9EB-9078-43AF-970C-4832A0CA137E}.Debug|Any CPU.Build.0 = Debug|Any CPU
		{1481A9EB-9078-43AF-970C-4832A0CA137E}.Release|Any CPU.ActiveCfg = Release|Any CPU
		{1481A9EB-9078-43AF-970C-4832A0CA137E}.Release|Any CPU.Build.0 = Release|Any CPU
		{31561517-5A9F-4191-9D9A-C523C507501D}.Debug|Any CPU.ActiveCfg = Debug|Any CPU
		{31561517-5A9F-4191-9D9A-C523C507501D}.Debug|Any CPU.Build.0 = Debug|Any CPU
		{31561517-5A9F-4191-9D9A-C523C507501D}.Release|Any CPU.ActiveCfg = Release|Any CPU
		{31561517-5A9F-4191-9D9A-C523C507501D}.Release|Any CPU.Build.0 = Release|Any CPU
		{A33F5D55-6EBE-488F-95A2-651023A9F45A}.Debug|Any CPU.ActiveCfg = Debug|Any CPU
		{A33F5D55-6EBE-488F-95A2-651023A9F45A}.Debug|Any CPU.Build.0 = Debug|Any CPU
		{A33F5D55-6EBE-488F-95A2-651023A9F45A}.Release|Any CPU.ActiveCfg = Release|Any CPU
		{A33F5D55-6EBE-488F-95A2-651023A9F45A}.Release|Any CPU.Build.0 = Release|Any CPU
		{1D1E182D-27FF-4D25-BE49-583378765B60}.Debug|Any CPU.ActiveCfg = Debug|Any CPU
		{1D1E182D-27FF-4D25-BE49-583378765B60}.Debug|Any CPU.Build.0 = Debug|Any CPU
		{1D1E182D-27FF-4D25-BE49-583378765B60}.Release|Any CPU.ActiveCfg = Release|Any CPU
		{1D1E182D-27FF-4D25-BE49-583378765B60}.Release|Any CPU.Build.0 = Release|Any CPU
		{8926E6F1-10FD-4AC0-9657-C9FB5AE759F0}.Debug|Any CPU.ActiveCfg = Debug|Any CPU
		{8926E6F1-10FD-4AC0-9657-C9FB5AE759F0}.Debug|Any CPU.Build.0 = Debug|Any CPU
		{8926E6F1-10FD-4AC0-9657-C9FB5AE759F0}.Release|Any CPU.ActiveCfg = Release|Any CPU
		{8926E6F1-10FD-4AC0-9657-C9FB5AE759F0}.Release|Any CPU.Build.0 = Release|Any CPU
		{B35BE130-DC34-4491-AEDC-A3DAE6CFA2B2}.Debug|Any CPU.ActiveCfg = Debug|Any CPU
		{B35BE130-DC34-4491-AEDC-A3DAE6CFA2B2}.Debug|Any CPU.Build.0 = Debug|Any CPU
		{B35BE130-DC34-4491-AEDC-A3DAE6CFA2B2}.Release|Any CPU.ActiveCfg = Release|Any CPU
		{B35BE130-DC34-4491-AEDC-A3DAE6CFA2B2}.Release|Any CPU.Build.0 = Release|Any CPU
		{E515C40E-4877-4C22-98CB-3610E73EECBB}.Debug|Any CPU.ActiveCfg = Debug|Any CPU
		{E515C40E-4877-4C22-98CB-3610E73EECBB}.Debug|Any CPU.Build.0 = Debug|Any CPU
		{E515C40E-4877-4C22-98CB-3610E73EECBB}.Release|Any CPU.ActiveCfg = Release|Any CPU
		{E515C40E-4877-4C22-98CB-3610E73EECBB}.Release|Any CPU.Build.0 = Release|Any CPU
		{5B110CD4-CAAF-4747-9188-EAAFE3DCA977}.Debug|Any CPU.ActiveCfg = Debug|Any CPU
		{5B110CD4-CAAF-4747-9188-EAAFE3DCA977}.Debug|Any CPU.Build.0 = Debug|Any CPU
		{5B110CD4-CAAF-4747-9188-EAAFE3DCA977}.Release|Any CPU.ActiveCfg = Release|Any CPU
		{5B110CD4-CAAF-4747-9188-EAAFE3DCA977}.Release|Any CPU.Build.0 = Release|Any CPU
		{89FBA18B-A15A-4296-8138-2E081E0A601A}.Debug|Any CPU.ActiveCfg = Debug|Any CPU
		{89FBA18B-A15A-4296-8138-2E081E0A601A}.Debug|Any CPU.Build.0 = Debug|Any CPU
		{89FBA18B-A15A-4296-8138-2E081E0A601A}.Release|Any CPU.ActiveCfg = Release|Any CPU
		{89FBA18B-A15A-4296-8138-2E081E0A601A}.Release|Any CPU.Build.0 = Release|Any CPU
		{125F4A19-7790-4673-B0B4-82E107295FE4}.Debug|Any CPU.ActiveCfg = Debug|Any CPU
		{125F4A19-7790-4673-B0B4-82E107295FE4}.Debug|Any CPU.Build.0 = Debug|Any CPU
		{125F4A19-7790-4673-B0B4-82E107295FE4}.Release|Any CPU.ActiveCfg = Release|Any CPU
		{125F4A19-7790-4673-B0B4-82E107295FE4}.Release|Any CPU.Build.0 = Release|Any CPU
		{C3AEFB42-331D-470E-928F-68D9D253478C}.Debug|Any CPU.ActiveCfg = Debug|Any CPU
		{C3AEFB42-331D-470E-928F-68D9D253478C}.Debug|Any CPU.Build.0 = Debug|Any CPU
		{C3AEFB42-331D-470E-928F-68D9D253478C}.Release|Any CPU.ActiveCfg = Release|Any CPU
		{C3AEFB42-331D-470E-928F-68D9D253478C}.Release|Any CPU.Build.0 = Release|Any CPU
	EndGlobalSection
EndGlobal
